
Microsoft Visual Studio Solution File, Format Version 12.00
# Visual Studio 2013
VisualStudioVersion = 12.0.30723.0
MinimumVisualStudioVersion = 10.0.40219.1
Project("{FAE04EC0-301F-11D3-BF4B-00C04F79EFBC}") = "Project6_KS_AlohaCarRental", "Project6_KS_AlohaCarRental\Project6_KS_AlohaCarRental.csproj", "{FDC7ECFE-FC8A-42AF-924E-9694CB5399E5}"
EndProject
Global
	GlobalSection(SolutionConfigurationPlatforms) = preSolution
		Debug|Any CPU = Debug|Any CPU
		Release|Any CPU = Release|Any CPU
	EndGlobalSection
	GlobalSection(ProjectConfigurationPlatforms) = postSolution
		{FDC7ECFE-FC8A-42AF-924E-9694CB5399E5}.Debug|Any CPU.ActiveCfg = Debug|Any CPU
		{FDC7ECFE-FC8A-42AF-924E-9694CB5399E5}.Debug|Any CPU.Build.0 = Debug|Any CPU
		{FDC7ECFE-FC8A-42AF-924E-9694CB5399E5}.Release|Any CPU.ActiveCfg = Release|Any CPU
		{FDC7ECFE-FC8A-42AF-924E-9694CB5399E5}.Release|Any CPU.Build.0 = Release|Any CPU
	EndGlobalSection
	GlobalSection(SolutionProperties) = preSolution
		HideSolutionNode = FALSE
	EndGlobalSection
EndGlobal
